
Microsoft Visual Studio Solution File, Format Version 12.00
# Visual Studio Version 17
VisualStudioVersion = 17.4.33110.190
MinimumVisualStudioVersion = 10.0.40219.1
Project("{FAE04EC0-301F-11D3-BF4B-00C04F79EFBC}") = "program", "program.csproj", "{E2419CCB-9575-4EE3-8EE3-EB3B2A09ED48}"
EndProject
Global
	GlobalSection(SolutionConfigurationPlatforms) = preSolution
		Debug|Any CPU = Debug|Any CPU
		Release|Any CPU = Release|Any CPU
	EndGlobalSection
	GlobalSection(ProjectConfigurationPlatforms) = postSolution
		{E2419CCB-9575-4EE3-8EE3-EB3B2A09ED48}.Debug|Any CPU.ActiveCfg = Debug|Any CPU
		{E2419CCB-9575-4EE3-8EE3-EB3B2A09ED48}.Debug|Any CPU.Build.0 = Debug|Any CPU
		{E2419CCB-9575-4EE3-8EE3-EB3B2A09ED48}.Release|Any CPU.ActiveCfg = Release|Any CPU
		{E2419CCB-9575-4EE3-8EE3-EB3B2A09ED48}.Release|Any CPU.Build.0 = Release|Any CPU
	EndGlobalSection
	GlobalSection(SolutionProperties) = preSolution
		HideSolutionNode = FALSE
	EndGlobalSection
	GlobalSection(ExtensibilityGlobals) = postSolution
		SolutionGuid = {2E1F7DC9-D917-4D9B-8301-C981E3424B5A}
	EndGlobalSection
EndGlobal
